
Microsoft Visual Studio Solution File, Format Version 12.00
# Visual Studio Version 16
VisualStudioVersion = 16.0.30907.101
MinimumVisualStudioVersion = 10.0.40219.1
Project("{888888A0-9F3D-457C-B088-3A5042F75D52}") = "iot_base_app", "iot_base_app\iot_base_app.pyproj", "{6CA1EBA4-5D9B-4814-89A9-BED3847D5837}"
EndProject
Project("{2150E333-8FDC-42A3-9474-1A3956D46DE8}") = "Solution Items", "Solution Items", "{911CAFF5-C97B-4C0C-9854-ADE4408D28C7}"
	ProjectSection(SolutionItems) = preProject
		LICENSE = LICENSE
		README.md = README.md
		setup.py = setup.py
	EndProjectSection
EndProject
Project("{888888A0-9F3D-457C-B088-3A5042F75D52}") = "tests", "tests\tests.pyproj", "{7586D59C-1C31-4461-8D6A-EA2DE6B0D853}"
EndProject
Global
	GlobalSection(SolutionConfigurationPlatforms) = preSolution
		Debug|Any CPU = Debug|Any CPU
		Release|Any CPU = Release|Any CPU
	EndGlobalSection
	GlobalSection(ProjectConfigurationPlatforms) = postSolution
		{6CA1EBA4-5D9B-4814-89A9-BED3847D5837}.Debug|Any CPU.ActiveCfg = Debug|Any CPU
		{6CA1EBA4-5D9B-4814-89A9-BED3847D5837}.Release|Any CPU.ActiveCfg = Release|Any CPU
		{7586D59C-1C31-4461-8D6A-EA2DE6B0D853}.Debug|Any CPU.ActiveCfg = Debug|Any CPU
		{7586D59C-1C31-4461-8D6A-EA2DE6B0D853}.Release|Any CPU.ActiveCfg = Release|Any CPU
	EndGlobalSection
	GlobalSection(SolutionProperties) = preSolution
		HideSolutionNode = FALSE
	EndGlobalSection
	GlobalSection(NestedProjects) = preSolution
		{7586D59C-1C31-4461-8D6A-EA2DE6B0D853} = {911CAFF5-C97B-4C0C-9854-ADE4408D28C7}
	EndGlobalSection
	GlobalSection(ExtensibilityGlobals) = postSolution
		SolutionGuid = {4B739E7B-6899-43EA-A5DE-733578AFDB7A}
	EndGlobalSection
EndGlobal
